// !$*UTF8*$!
{
	archiveVersion = 1;
	classes = {
	};
	objectVersion = 55;
	objects = {

/* Begin PBXBuildFile section */
		D6B66D5427F83B7700B037FE /* AppDelegate.swift in Sources */ = {isa = PBXBuildFile; fileRef = D6B66D5327F83B7700B037FE /* AppDelegate.swift */; };
		D6B66D5627F83B7700B037FE /* SceneDelegate.swift in Sources */ = {isa = PBXBuildFile; fileRef = D6B66D5527F83B7700B037FE /* SceneDelegate.swift */; };
		D6B66D5827F83B7700B037FE /* ViewController.swift in Sources */ = {isa = PBXBuildFile; fileRef = D6B66D5727F83B7700B037FE /* ViewController.swift */; };
		D6B66D5B27F83B7700B037FE /* Main.storyboard in Resources */ = {isa = PBXBuildFile; fileRef = D6B66D5927F83B7700B037FE /* Main.storyboard */; };
		D6B66D5E27F83B7700B037FE /* Test.xcdatamodeld in Sources */ = {isa = PBXBuildFile; fileRef = D6B66D5C27F83B7700B037FE /* Test.xcdatamodeld */; };
		D6B66D6027F83B7800B037FE /* Assets.xcassets in Resources */ = {isa = PBXBuildFile; fileRef = D6B66D5F27F83B7800B037FE /* Assets.xcassets */; };
		D6B66D6327F83B7800B037FE /* LaunchScreen.storyboard in Resources */ = {isa = PBXBuildFile; fileRef = D6B66D6127F83B7800B037FE /* LaunchScreen.storyboard */; };
		D6B66D6E27F83B7900B037FE /* TestTests.swift in Sources */ = {isa = PBXBuildFile; fileRef = D6B66D6D27F83B7900B037FE /* TestTests.swift */; };
		D6B66D7827F83B7900B037FE /* TestUITests.swift in Sources */ = {isa = PBXBuildFile; fileRef = D6B66D7727F83B7900B037FE /* TestUITests.swift */; };
		D6B66D7A27F83B7900B037FE /* TestUITestsLaunchTests.swift in Sources */ = {isa = PBXBuildFile; fileRef = D6B66D7927F83B7900B037FE /* TestUITestsLaunchTests.swift */; };
/* End PBXBuildFile section */

/* Begin PBXContainerItemProxy section */
		D6B66D6A27F83B7900B037FE /* PBXContainerItemProxy */ = {
			isa = PBXContainerItemProxy;
			containerPortal = D6B66D4827F83B7700B037FE /* Project object */;
			proxyType = 1;
			remoteGlobalIDString = D6B66D4F27F83B7700B037FE;
			remoteInfo = Test;
		};
		D6B66D7427F83B7900B037FE /* PBXContainerItemProxy */ = {
			isa = PBXContainerItemProxy;
			containerPortal = D6B66D4827F83B7700B037FE /* Project object */;
			proxyType = 1;
			remoteGlobalIDString = D6B66D4F27F83B7700B037FE;
			remoteInfo = Test;
		};
/* End PBXContainerItemProxy section */

/* Begin PBXFileReference section */
		D6B66D5027F83B7700B037FE /* Test.app */ = {isa = PBXFileReference; explicitFileType = wrapper.application; includeInIndex = 0; path = Test.app; sourceTree = BUILT_PRODUCTS_DIR; };
		D6B66D5327F83B7700B037FE /* AppDelegate.swift */ = {isa = PBXFileReference; lastKnownFileType = sourcecode.swift; path = AppDelegate.swift; sourceTree = "<group>"; };
		D6B66D5527F83B7700B037FE /* SceneDelegate.swift */ = {isa = PBXFileReference; lastKnownFileType = sourcecode.swift; path = SceneDelegate.swift; sourceTree = "<group>"; };
		D6B66D5727F83B7700B037FE /* ViewController.swift */ = {isa = PBXFileReference; lastKnownFileType = sourcecode.swift; path = ViewController.swift; sourceTree = "<group>"; };
		D6B66D5A27F83B7700B037FE /* Base */ = {isa = PBXFileReference; lastKnownFileType = file.storyboard; name = Base; path = Base.lproj/Main.storyboard; sourceTree = "<group>"; };
		D6B66D5D27F83B7700B037FE /* Test.xcdatamodel */ = {isa = PBXFileReference; lastKnownFileType = wrapper.xcdatamodel; path = Test.xcdatamodel; sourceTree = "<group>"; };
		D6B66D5F27F83B7800B037FE /* Assets.xcassets */ = {isa = PBXFileReference; lastKnownFileType = folder.assetcatalog; path = Assets.xcassets; sourceTree = "<group>"; };
		D6B66D6227F83B7800B037FE /* Base */ = {isa = PBXFileReference; lastKnownFileType = file.storyboard; name = Base; path = Base.lproj/LaunchScreen.storyboard; sourceTree = "<group>"; };
		D6B66D6427F83B7800B037FE /* Info.plist */ = {isa = PBXFileReference; lastKnownFileType = text.plist.xml; path = Info.plist; sourceTree = "<group>"; };
		D6B66D6927F83B7900B037FE /* TestTests.xctest */ = {isa = PBXFileReference; explicitFileType = wrapper.cfbundle; includeInIndex = 0; path = TestTests.xctest; sourceTree = BUILT_PRODUCTS_DIR; };
		D6B66D6D27F83B7900B037FE /* TestTests.swift */ = {isa = PBXFileReference; lastKnownFileType = sourcecode.swift; path = TestTests.swift; sourceTree = "<group>"; };
		D6B66D7327F83B7900B037FE /* TestUITests.xctest */ = {isa = PBXFileReference; explicitFileType = wrapper.cfbundle; includeInIndex = 0; path = TestUITests.xctest; sourceTree = BUILT_PRODUCTS_DIR; };
		D6B66D7727F83B7900B037FE /* TestUITests.swift */ = {isa = PBXFileReference; lastKnownFileType = sourcecode.swift; path = TestUITests.swift; sourceTree = "<group>"; };
		D6B66D7927F83B7900B037FE /* TestUITestsLaunchTests.swift */ = {isa = PBXFileReference; lastKnownFileType = sourcecode.swift; path = TestUITestsLaunchTests.swift; sourceTree = "<group>"; };
/* End PBXFileReference section */

/* Begin PBXFrameworksBuildPhase section */
		D6B66D4D27F83B7700B037FE /* Frameworks */ = {
			isa = PBXFrameworksBuildPhase;
			buildActionMask = 2147483647;
			files = (
			);
			runOnlyForDeploymentPostprocessing = 0;
		};
		D6B66D6627F83B7900B037FE /* Frameworks */ = {
			isa = PBXFrameworksBuildPhase;
			buildActionMask = 2147483647;
			files = (
			);
			runOnlyForDeploymentPostprocessing = 0;
		};
		D6B66D7027F83B7900B037FE /* Frameworks */ = {
			isa = PBXFrameworksBuildPhase;
			buildActionMask = 2147483647;
			files = (
			);
			runOnlyForDeploymentPostprocessing = 0;
		};
/* End PBXFrameworksBuildPhase section */

/* Begin PBXGroup section */
		D6B66D4727F83B7700B037FE = {
			isa = PBXGroup;
			children = (
				D6B66D5227F83B7700B037FE /* Test */,
				D6B66D6C27F83B7900B037FE /* TestTests */,
				D6B66D7627F83B7900B037FE /* TestUITests */,
				D6B66D5127F83B7700B037FE /* Products */,
			);
			sourceTree = "<group>";
		};
		D6B66D5127F83B7700B037FE /* Products */ = {
			isa = PBXGroup;
			children = (
				D6B66D5027F83B7700B037FE /* Test.app */,
				D6B66D6927F83B7900B037FE /* TestTests.xctest */,
				D6B66D7327F83B7900B037FE /* TestUITests.xctest */,
			);
			name = Products;
			sourceTree = "<group>";
		};
		D6B66D5227F83B7700B037FE /* Test */ = {
			isa = PBXGroup;
			children = (
				D6B66D5327F83B7700B037FE /* AppDelegate.swift */,
				D6B66D5527F83B7700B037FE /* SceneDelegate.swift */,
				D6B66D5727F83B7700B037FE /* ViewController.swift */,
				D6B66D5927F83B7700B037FE /* Main.storyboard */,
				D6B66D5F27F83B7800B037FE /* Assets.xcassets */,
				D6B66D6127F83B7800B037FE /* LaunchScreen.storyboard */,
				D6B66D6427F83B7800B037FE /* Info.plist */,
				D6B66D5C27F83B7700B037FE /* Test.xcdatamodeld */,
			);
			path = Test;
			sourceTree = "<group>";
		};
		D6B66D6C27F83B7900B037FE /* TestTests */ = {
			isa = PBXGroup;
			children = (
				D6B66D6D27F83B7900B037FE /* TestTests.swift */,
			);
			path = TestTests;
			sourceTree = "<group>";
		};
		D6B66D7627F83B7900B037FE /* TestUITests */ = {
			isa = PBXGroup;
			children = (
				D6B66D7727F83B7900B037FE /* TestUITests.swift */,
				D6B66D7927F83B7900B037FE /* TestUITestsLaunchTests.swift */,
			);
			path = TestUITests;
			sourceTree = "<group>";
		};
/* End PBXGroup section */

/* Begin PBXNativeTarget section */
		D6B66D4F27F83B7700B037FE /* Test */ = {
			isa = PBXNativeTarget;
			buildConfigurationList = D6B66D7D27F83B7900B037FE /* Build configuration list for PBXNativeTarget "Test" */;
			buildPhases = (
				D6B66D4C27F83B7700B037FE /* Sources */,
				D6B66D4D27F83B7700B037FE /* Frameworks */,
				D6B66D4E27F83B7700B037FE /* Resources */,
			);
			buildRules = (
			);
			dependencies = (
			);
			name = Test;
			productName = Test;
			productReference = D6B66D5027F83B7700B037FE /* Test.app */;
			productType = "com.apple.product-type.application";
		};
		D6B66D6827F83B7900B037FE /* TestTests */ = {
			isa = PBXNativeTarget;
			buildConfigurationList = D6B66D8027F83B7900B037FE /* Build configuration list for PBXNativeTarget "TestTests" */;
			buildPhases = (
				D6B66D6527F83B7900B037FE /* Sources */,
				D6B66D6627F83B7900B037FE /* Frameworks */,
				D6B66D6727F83B7900B037FE /* Resources */,
			);
			buildRules = (
			);
			dependencies = (
				D6B66D6B27F83B7900B037FE /* PBXTargetDependency */,
			);
			name = TestTests;
			productName = TestTests;
			productReference = D6B66D6927F83B7900B037FE /* TestTests.xctest */;
			productType = "com.apple.product-type.bundle.unit-test";
		};
		D6B66D7227F83B7900B037FE /* TestUITests */ = {
			isa = PBXNativeTarget;
			buildConfigurationList = D6B66D8327F83B7900B037FE /* Build configuration list for PBXNativeTarget "TestUITests" */;
			buildPhases = (
				D6B66D6F27F83B7900B037FE /* Sources */,
				D6B66D7027F83B7900B037FE /* Frameworks */,
				D6B66D7127F83B7900B037FE /* Resources */,
			);
			buildRules = (
			);
			dependencies = (
				D6B66D7527F83B7900B037FE /* PBXTargetDependency */,
			);
			name = TestUITests;
			productName = TestUITests;
			productReference = D6B66D7327F83B7900B037FE /* TestUITests.xctest */;
			productType = "com.apple.product-type.bundle.ui-testing";
		};
/* End PBXNativeTarget section */

/* Begin PBXProject section */
		D6B66D4827F83B7700B037FE /* Project object */ = {
			isa = PBXProject;
			attributes = {
				BuildIndependentTargetsInParallel = 1;
				LastSwiftUpdateCheck = 1330;
				LastUpgradeCheck = 1330;
				TargetAttributes = {
					D6B66D4F27F83B7700B037FE = {
						CreatedOnToolsVersion = 13.3;
					};
					D6B66D6827F83B7900B037FE = {
						CreatedOnToolsVersion = 13.3;
						TestTargetID = D6B66D4F27F83B7700B037FE;
					};
					D6B66D7227F83B7900B037FE = {
						CreatedOnToolsVersion = 13.3;
						TestTargetID = D6B66D4F27F83B7700B037FE;
					};
				};
			};
			buildConfigurationList = D6B66D4B27F83B7700B037FE /* Build configuration list for PBXProject "Test" */;
			compatibilityVersion = "Xcode 13.0";
			developmentRegion = en;
			hasScannedForEncodings = 0;
			knownRegions = (
				en,
				Base,
			);
			mainGroup = D6B66D4727F83B7700B037FE;
			productRefGroup = D6B66D5127F83B7700B037FE /* Products */;
			projectDirPath = "";
			projectRoot = "";
			targets = (
				D6B66D4F27F83B7700B037FE /* Test */,
				D6B66D6827F83B7900B037FE /* TestTests */,
				D6B66D7227F83B7900B037FE /* TestUITests */,
			);
		};
/* End PBXProject section */

/* Begin PBXResourcesBuildPhase section */
		D6B66D4E27F83B7700B037FE /* Resources */ = {
			isa = PBXResourcesBuildPhase;
			buildActionMask = 2147483647;
			files = (
				D6B66D6327F83B7800B037FE /* LaunchScreen.storyboard in Resources */,
				D6B66D6027F83B7800B037FE /* Assets.xcassets in Resources */,
				D6B66D5B27F83B7700B037FE /* Main.storyboard in Resources */,
			);
			runOnlyForDeploymentPostprocessing = 0;
		};
		D6B66D6727F83B7900B037FE /* Resources */ = {
			isa = PBXResourcesBuildPhase;
			buildActionMask = 2147483647;
			files = (
			);
			runOnlyForDeploymentPostprocessing = 0;
		};
		D6B66D7127F83B7900B037FE /* Resources */ = {
			isa = PBXResourcesBuildPhase;
			buildActionMask = 2147483647;
			files = (
			);
			runOnlyForDeploymentPostprocessing = 0;
		};
/* End PBXResourcesBuildPhase section */

/* Begin PBXSourcesBuildPhase section */
		D6B66D4C27F83B7700B037FE /* Sources */ = {
			isa = PBXSourcesBuildPhase;
			buildActionMask = 2147483647;
			files = (
				D6B66D5827F83B7700B037FE /* ViewController.swift in Sources */,
				D6B66D5E27F83B7700B037FE /* Test.xcdatamodeld in Sources */,
				D6B66D5427F83B7700B037FE /* AppDelegate.swift in Sources */,
				D6B66D5627F83B7700B037FE /* SceneDelegate.swift in Sources */,
			);
			runOnlyForDeploymentPostprocessing = 0;
		};
		D6B66D6527F83B7900B037FE /* Sources */ = {
			isa = PBXSourcesBuildPhase;
			buildActionMask = 2147483647;
			files = (
				D6B66D6E27F83B7900B037FE /* TestTests.swift in Sources */,
			);
			runOnlyForDeploymentPostprocessing = 0;
		};
		D6B66D6F27F83B7900B037FE /* Sources */ = {
			isa = PBXSourcesBuildPhase;
			buildActionMask = 2147483647;
			files = (
				D6B66D7A27F83B7900B037FE /* TestUITestsLaunchTests.swift in Sources */,
				D6B66D7827F83B7900B037FE /* TestUITests.swift in Sources */,
			);
			runOnlyForDeploymentPostprocessing = 0;
		};
/* End PBXSourcesBuildPhase section */

/* Begin PBXTargetDependency section */
		D6B66D6B27F83B7900B037FE /* PBXTargetDependency */ = {
			isa = PBXTargetDependency;
			target = D6B66D4F27F83B7700B037FE /* Test */;
			targetProxy = D6B66D6A27F83B7900B037FE /* PBXContainerItemProxy */;
		};
		D6B66D7527F83B7900B037FE /* PBXTargetDependency */ = {
			isa = PBXTargetDependency;
			target = D6B66D4F27F83B7700B037FE /* Test */;
			targetProxy = D6B66D7427F83B7900B037FE /* PBXContainerItemProxy */;
		};
/* End PBXTargetDependency section */

/* Begin PBXVariantGroup section */
		D6B66D5927F83B7700B037FE /* Main.storyboard */ = {
			isa = PBXVariantGroup;
			children = (
				D6B66D5A27F83B7700B037FE /* Base */,
			);
			name = Main.storyboard;
			sourceTree = "<group>";
		};
		D6B66D6127F83B7800B037FE /* LaunchScreen.storyboard */ = {
			isa = PBXVariantGroup;
			children = (
				D6B66D6227F83B7800B037FE /* Base */,
			);
			name = LaunchScreen.storyboard;
			sourceTree = "<group>";
		};
/* End PBXVariantGroup section */

/* Begin XCBuildConfiguration section */
		D6B66D7B27F83B7900B037FE /* Debug */ = {
			isa = XCBuildConfiguration;
			buildSettings = {
				ALWAYS_SEARCH_USER_PATHS = NO;
				CLANG_ANALYZER_NONNULL = YES;
				CLANG_ANALYZER_NUMBER_OBJECT_CONVERSION = YES_AGGRESSIVE;
				CLANG_CXX_LANGUAGE_STANDARD = "gnu++17";
				CLANG_ENABLE_MODULES = YES;
				CLANG_ENABLE_OBJC_ARC = YES;
				CLANG_ENABLE_OBJC_WEAK = YES;
				CLANG_WARN_BLOCK_CAPTURE_AUTORELEASING = YES;
				CLANG_WARN_BOOL_CONVERSION = YES;
				CLANG_WARN_COMMA = YES;
				CLANG_WARN_CONSTANT_CONVERSION = YES;
				CLANG_WARN_DEPRECATED_OBJC_IMPLEMENTATIONS = YES;
				CLANG_WARN_DIRECT_OBJC_ISA_USAGE = YES_ERROR;
				CLANG_WARN_DOCUMENTATION_COMMENTS = YES;
				CLANG_WARN_EMPTY_BODY = YES;
				CLANG_WARN_ENUM_CONVERSION = YES;
				CLANG_WARN_INFINITE_RECURSION = YES;
				CLANG_WARN_INT_CONVERSION = YES;
				CLANG_WARN_NON_LITERAL_NULL_CONVERSION = YES;
				CLANG_WARN_OBJC_IMPLICIT_RETAIN_SELF = YES;
				CLANG_WARN_OBJC_LITERAL_CONVERSION = YES;
				CLANG_WARN_OBJC_ROOT_CLASS = YES_ERROR;
				CLANG_WARN_QUOTED_INCLUDE_IN_FRAMEWORK_HEADER = YES;
				CLANG_WARN_RANGE_LOOP_ANALYSIS = YES;
				CLANG_WARN_STRICT_PROTOTYPES = YES;
				CLANG_WARN_SUSPICIOUS_MOVE = YES;
				CLANG_WARN_UNGUARDED_AVAILABILITY = YES_AGGRESSIVE;
				CLANG_WARN_UNREACHABLE_CODE = YES;
				CLANG_WARN__DUPLICATE_METHOD_MATCH = YES;
				COPY_PHASE_STRIP = NO;
				DEBUG_INFORMATION_FORMAT = dwarf;
				ENABLE_STRICT_OBJC_MSGSEND = YES;
				ENABLE_TESTABILITY = YES;
				GCC_C_LANGUAGE_STANDARD = gnu11;
				GCC_DYNAMIC_NO_PIC = NO;
				GCC_NO_COMMON_BLOCKS = YES;
				GCC_OPTIMIZATION_LEVEL = 0;
				GCC_PREPROCESSOR_DEFINITIONS = (
					"DEBUG=1",
					"$(inherited)",
				);
				GCC_WARN_64_TO_32_BIT_CONVERSION = YES;
				GCC_WARN_ABOUT_RETURN_TYPE = YES_ERROR;
				GCC_WARN_UNDECLARED_SELECTOR = YES;
				GCC_WARN_UNINITIALIZED_AUTOS = YES_AGGRESSIVE;
				GCC_WARN_UNUSED_FUNCTION = YES;
				GCC_WARN_UNUSED_VARIABLE = YES;
				IPHONEOS_DEPLOYMENT_TARGET = 15.4;
				MTL_ENABLE_DEBUG_INFO = INCLUDE_SOURCE;
				MTL_FAST_MATH = YES;
				ONLY_ACTIVE_ARCH = YES;
				SDKROOT = iphoneos;
				SWIFT_ACTIVE_COMPILATION_CONDITIONS = DEBUG;
				SWIFT_OPTIMIZATION_LEVEL = "-Onone";
			};
			name = Debug;
		};
		D6B66D7C27F83B7900B037FE /* Release */ = {
			isa = XCBuildConfiguration;
			buildSettings = {
				ALWAYS_SEARCH_USER_PATHS = NO;
				CLANG_ANALYZER_NONNULL = YES;
				CLANG_ANALYZER_NUMBER_OBJECT_CONVERSION = YES_AGGRESSIVE;
				CLANG_CXX_LANGUAGE_STANDARD = "gnu++17";
				CLANG_ENABLE_MODULES = YES;
				CLANG_ENABLE_OBJC_ARC = YES;
				CLANG_ENABLE_OBJC_WEAK = YES;
				CLANG_WARN_BLOCK_CAPTURE_AUTORELEASING = YES;
				CLANG_WARN_BOOL_CONVERSION = YES;
				CLANG_WARN_COMMA = YES;
				CLANG_WARN_CONSTANT_CONVERSION = YES;
				CLANG_WARN_DEPRECATED_OBJC_IMPLEMENTATIONS = YES;
				CLANG_WARN_DIRECT_OBJC_ISA_USAGE = YES_ERROR;
				CLANG_WARN_DOCUMENTATION_COMMENTS = YES;
				CLANG_WARN_EMPTY_BODY = YES;
				CLANG_WARN_ENUM_CONVERSION = YES;
				CLANG_WARN_INFINITE_RECURSION = YES;
				CLANG_WARN_INT_CONVERSION = YES;
				CLANG_WARN_NON_LITERAL_NULL_CONVERSION = YES;
				CLANG_WARN_OBJC_IMPLICIT_RETAIN_SELF = YES;
				CLANG_WARN_OBJC_LITERAL_CONVERSION = YES;
				CLANG_WARN_OBJC_ROOT_CLASS = YES_ERROR;
				CLANG_WARN_QUOTED_INCLUDE_IN_FRAMEWORK_HEADER = YES;
				CLANG_WARN_RANGE_LOOP_ANALYSIS = YES;
				CLANG_WARN_STRICT_PROTOTYPES = YES;
				CLANG_WARN_SUSPICIOUS_MOVE = YES;
				CLANG_WARN_UNGUARDED_AVAILABILITY = YES_AGGRESSIVE;
				CLANG_WARN_UNREACHABLE_CODE = YES;
				CLANG_WARN__DUPLICATE_METHOD_MATCH = YES;
				COPY_PHASE_STRIP = NO;
				DEBUG_INFORMATION_FORMAT = "dwarf-with-dsym";
				ENABLE_NS_ASSERTIONS = NO;
				ENABLE_STRICT_OBJC_MSGSEND = YES;
				GCC_C_LANGUAGE_STANDARD = gnu11;
				GCC_NO_COMMON_BLOCKS = YES;
				GCC_WARN_64_TO_32_BIT_CONVERSION = YES;
				GCC_WARN_ABOUT_RETURN_TYPE = YES_ERROR;
				GCC_WARN_UNDECLARED_SELECTOR = YES;
				GCC_WARN_UNINITIALIZED_AUTOS = YES_AGGRESSIVE;
				GCC_WARN_UNUSED_FUNCTION = YES;
				GCC_WARN_UNUSED_VARIABLE = YES;
				IPHONEOS_DEPLOYMENT_TARGET = 15.4;
				MTL_ENABLE_DEBUG_INFO = NO;
				MTL_FAST_MATH = YES;
				SDKROOT = iphoneos;
				SWIFT_COMPILATION_MODE = wholemodule;
				SWIFT_OPTIMIZATION_LEVEL = "-O";
				VALIDATE_PRODUCT = YES;
			};
			name = Release;
		};
		D6B66D7E27F83B7900B037FE /* Debug */ = {
			isa = XCBuildConfiguration;
			buildSettings = {
				ASSETCATALOG_COMPILER_APPICON_NAME = AppIcon;
				ASSETCATALOG_COMPILER_GLOBAL_ACCENT_COLOR_NAME = AccentColor;
				CODE_SIGN_STYLE = Automatic;
				CURRENT_PROJECT_VERSION = 1;
				DEVELOPMENT_TEAM = 6797TRSMCN;
				GENERATE_INFOPLIST_FILE = YES;
				INFOPLIST_FILE = Test/Info.plist;
				INFOPLIST_KEY_UIApplicationSupportsIndirectInputEvents = YES;
				INFOPLIST_KEY_UILaunchStoryboardName = LaunchScreen;
				INFOPLIST_KEY_UIMainStoryboardFile = Main;
				INFOPLIST_KEY_UISupportedInterfaceOrientations_iPad = "UIInterfaceOrientationPortrait UIInterfaceOrientationPortraitUpsideDown UIInterfaceOrientationLandscapeLeft UIInterfaceOrientationLandscapeRight";
				INFOPLIST_KEY_UISupportedInterfaceOrientations_iPhone = "UIInterfaceOrientationPortrait UIInterfaceOrientationLandscapeLeft UIInterfaceOrientationLandscapeRight";
				LD_RUNPATH_SEARCH_PATHS = (
					"$(inherited)",
					"@executable_path/Frameworks",
				);
				MARKETING_VERSION = 1.0;
				PRODUCT_BUNDLE_IDENTIFIER = com.kirillpukhov.Test;
				PRODUCT_NAME = "$(TARGET_NAME)";
				SWIFT_EMIT_LOC_STRINGS = YES;
				SWIFT_VERSION = 5.0;
				TARGETED_DEVICE_FAMILY = "1,2";
			};
			name = Debug;
		};
		D6B66D7F27F83B7900B037FE /* Release */ = {
			isa = XCBuildConfiguration;
			buildSettings = {
				ASSETCATALOG_COMPILER_APPICON_NAME = AppIcon;
				ASSETCATALOG_COMPILER_GLOBAL_ACCENT_COLOR_NAME = AccentColor;
				CODE_SIGN_STYLE = Automatic;
				CURRENT_PROJECT_VERSION = 1;
				DEVELOPMENT_TEAM = 6797TRSMCN;
				GENERATE_INFOPLIST_FILE = YES;
				INFOPLIST_FILE = Test/Info.plist;
				INFOPLIST_KEY_UIApplicationSupportsIndirectInputEvents = YES;
				INFOPLIST_KEY_UILaunchStoryboardName = LaunchScreen;
				INFOPLIST_KEY_UIMainStoryboardFile = Main;
				INFOPLIST_KEY_UISupportedInterfaceOrientations_iPad = "UIInterfaceOrientationPortrait UIInterfaceOrientationPortraitUpsideDown UIInterfaceOrientationLandscapeLeft UIInterfaceOrientationLandscapeRight";
				INFOPLIST_KEY_UISupportedInterfaceOrientations_iPhone = "UIInterfaceOrientationPortrait UIInterfaceOrientationLandscapeLeft UIInterfaceOrientationLandscapeRight";
				LD_RUNPATH_SEARCH_PATHS = (
					"$(inherited)",
					"@executable_path/Frameworks",
				);
				MARKETING_VERSION = 1.0;
				PRODUCT_BUNDLE_IDENTIFIER = com.kirillpukhov.Test;
				PRODUCT_NAME = "$(TARGET_NAME)";
				SWIFT_EMIT_LOC_STRINGS = YES;
				SWIFT_VERSION = 5.0;
				TARGETED_DEVICE_FAMILY = "1,2";
			};
			name = Release;
		};
		D6B66D8127F83B7900B037FE /* Debug */ = {
			isa = XCBuildConfiguration;
			buildSettings = {
				ALWAYS_EMBED_SWIFT_STANDARD_LIBRARIES = YES;
				BUNDLE_LOADER = "$(TEST_HOST)";
				CODE_SIGN_STYLE = Automatic;
				CURRENT_PROJECT_VERSION = 1;
				DEVELOPMENT_TEAM = 6797TRSMCN;
				GENERATE_INFOPLIST_FILE = YES;
				IPHONEOS_DEPLOYMENT_TARGET = 15.4;
				MARKETING_VERSION = 1.0;
				PRODUCT_BUNDLE_IDENTIFIER = com.kirillpukhov.TestTests;
				PRODUCT_NAME = "$(TARGET_NAME)";
				SWIFT_EMIT_LOC_STRINGS = NO;
				SWIFT_VERSION = 5.0;
				TARGETED_DEVICE_FAMILY = "1,2";
				TEST_HOST = "$(BUILT_PRODUCTS_DIR)/Test.app/Test";
			};
			name = Debug;
		};
		D6B66D8227F83B7900B037FE /* Release */ = {
			isa = XCBuildConfiguration;
			buildSettings = {
				ALWAYS_EMBED_SWIFT_STANDARD_LIBRARIES = YES;
				BUNDLE_LOADER = "$(TEST_HOST)";
				CODE_SIGN_STYLE = Automatic;
				CURRENT_PROJECT_VERSION = 1;
				DEVELOPMENT_TEAM = 6797TRSMCN;
				GENERATE_INFOPLIST_FILE = YES;
				IPHONEOS_DEPLOYMENT_TARGET = 15.4;
				MARKETING_VERSION = 1.0;
				PRODUCT_BUNDLE_IDENTIFIER = com.kirillpukhov.TestTests;
				PRODUCT_NAME = "$(TARGET_NAME)";
				SWIFT_EMIT_LOC_STRINGS = NO;
				SWIFT_VERSION = 5.0;
				TARGETED_DEVICE_FAMILY = "1,2";
				TEST_HOST = "$(BUILT_PRODUCTS_DIR)/Test.app/Test";
			};
			name = Release;
		};
		D6B66D8427F83B7900B037FE /* Debug */ = {
			isa = XCBuildConfiguration;
			buildSettings = {
				ALWAYS_EMBED_SWIFT_STANDARD_LIBRARIES = YES;
				CODE_SIGN_STYLE = Automatic;
				CURRENT_PROJECT_VERSION = 1;
				DEVELOPMENT_TEAM = 6797TRSMCN;
				GENERATE_INFOPLIST_FILE = YES;
				MARKETING_VERSION = 1.0;
				PRODUCT_BUNDLE_IDENTIFIER = com.kirillpukhov.TestUITests;
				PRODUCT_NAME = "$(TARGET_NAME)";
				SWIFT_EMIT_LOC_STRINGS = NO;
				SWIFT_VERSION = 5.0;
				TARGETED_DEVICE_FAMILY = "1,2";
				TEST_TARGET_NAME = Test;
			};
			name = Debug;
		};
		D6B66D8527F83B7900B037FE /* Release */ = {
			isa = XCBuildConfiguration;
			buildSettings = {
				ALWAYS_EMBED_SWIFT_STANDARD_LIBRARIES = YES;
				CODE_SIGN_STYLE = Automatic;
				CURRENT_PROJECT_VERSION = 1;
				DEVELOPMENT_TEAM = 6797TRSMCN;
				GENERATE_INFOPLIST_FILE = YES;
				MARKETING_VERSION = 1.0;
				PRODUCT_BUNDLE_IDENTIFIER = com.kirillpukhov.TestUITests;
				PRODUCT_NAME = "$(TARGET_NAME)";
				SWIFT_EMIT_LOC_STRINGS = NO;
				SWIFT_VERSION = 5.0;
				TARGETED_DEVICE_FAMILY = "1,2";
				TEST_TARGET_NAME = Test;
			};
			name = Release;
		};
/* End XCBuildConfiguration section */

/* Begin XCConfigurationList section */
		D6B66D4B27F83B7700B037FE /* Build configuration list for PBXProject "Test" */ = {
			isa = XCConfigurationList;
			buildConfigurations = (
				D6B66D7B27F83B7900B037FE /* Debug */,
				D6B66D7C27F83B7900B037FE /* Release */,
			);
			defaultConfigurationIsVisible = 0;
			defaultConfigurationName = Release;
		};
		D6B66D7D27F83B7900B037FE /* Build configuration list for PBXNativeTarget "Test" */ = {
			isa = XCConfigurationList;
			buildConfigurations = (
				D6B66D7E27F83B7900B037FE /* Debug */,
				D6B66D7F27F83B7900B037FE /* Release */,
			);
			defaultConfigurationIsVisible = 0;
			defaultConfigurationName = Release;
		};
		D6B66D8027F83B7900B037FE /* Build configuration list for PBXNativeTarget "TestTests" */ = {
			isa = XCConfigurationList;
			buildConfigurations = (
				D6B66D8127F83B7900B037FE /* Debug */,
				D6B66D8227F83B7900B037FE /* Release */,
			);
			defaultConfigurationIsVisible = 0;
			defaultConfigurationName = Release;
		};
		D6B66D8327F83B7900B037FE /* Build configuration list for PBXNativeTarget "TestUITests" */ = {
			isa = XCConfigurationList;
			buildConfigurations = (
				D6B66D8427F83B7900B037FE /* Debug */,
				D6B66D8527F83B7900B037FE /* Release */,
			);
			defaultConfigurationIsVisible = 0;
			defaultConfigurationName = Release;
		};
/* End XCConfigurationList section */

/* Begin XCVersionGroup section */
		D6B66D5C27F83B7700B037FE /* Test.xcdatamodeld */ = {
			isa = XCVersionGroup;
			children = (
				D6B66D5D27F83B7700B037FE /* Test.xcdatamodel */,
			);
			currentVersion = D6B66D5D27F83B7700B037FE /* Test.xcdatamodel */;
			path = Test.xcdatamodeld;
			sourceTree = "<group>";
			versionGroupType = wrapper.xcdatamodel;
		};
/* End XCVersionGroup section */
	};
	rootObject = D6B66D4827F83B7700B037FE /* Project object */;
}
